
Microsoft Visual Studio Solution File, Format Version 12.00
# Visual Studio Version 17
VisualStudioVersion = 17.5.33424.131
MinimumVisualStudioVersion = 10.0.40219.1
Project("{FAE04EC0-301F-11D3-BF4B-00C04F79EFBC}") = "Take Home Assignment_Week02", "Take Home Assignment_Week02\Take Home Assignment_Week02.csproj", "{CD6E9CBA-06F3-4BC0-9800-67A4FEBECCE1}"
EndProject
Global
	GlobalSection(SolutionConfigurationPlatforms) = preSolution
		Debug|Any CPU = Debug|Any CPU
		Release|Any CPU = Release|Any CPU
	EndGlobalSection
	GlobalSection(ProjectConfigurationPlatforms) = postSolution
		{CD6E9CBA-06F3-4BC0-9800-67A4FEBECCE1}.Debug|Any CPU.ActiveCfg = Debug|Any CPU
		{CD6E9CBA-06F3-4BC0-9800-67A4FEBECCE1}.Debug|Any CPU.Build.0 = Debug|Any CPU
		{CD6E9CBA-06F3-4BC0-9800-67A4FEBECCE1}.Release|Any CPU.ActiveCfg = Release|Any CPU
		{CD6E9CBA-06F3-4BC0-9800-67A4FEBECCE1}.Release|Any CPU.Build.0 = Release|Any CPU
	EndGlobalSection
	GlobalSection(SolutionProperties) = preSolution
		HideSolutionNode = FALSE
	EndGlobalSection
	GlobalSection(ExtensibilityGlobals) = postSolution
		SolutionGuid = {B8A645EB-19A2-4CD9-A8C0-BF3B58099A88}
	EndGlobalSection
EndGlobal
